
Microsoft Visual Studio Solution File, Format Version 12.00
# Visual Studio Version 16
VisualStudioVersion = 16.0.29418.71
MinimumVisualStudioVersion = 10.0.40219.1
Project("{FAE04EC0-301F-11D3-BF4B-00C04F79EFBC}") = "StoreSites", "StoreSites\StoreSites.csproj", "{868F9F21-E547-4523-8A1F-CA7863A88C7F}"
EndProject
Project("{FAE04EC0-301F-11D3-BF4B-00C04F79EFBC}") = "StoreSitesTests", "StoreSitesTests\StoreSitesTests.csproj", "{F5123D85-536D-4386-BBB4-E506389D45EE}"
EndProject
Global
	GlobalSection(SolutionConfigurationPlatforms) = preSolution
		Debug|Any CPU = Debug|Any CPU
		Release|Any CPU = Release|Any CPU
	EndGlobalSection
	GlobalSection(ProjectConfigurationPlatforms) = postSolution
		{868F9F21-E547-4523-8A1F-CA7863A88C7F}.Debug|Any CPU.ActiveCfg = Debug|Any CPU
		{868F9F21-E547-4523-8A1F-CA7863A88C7F}.Debug|Any CPU.Build.0 = Debug|Any CPU
		{868F9F21-E547-4523-8A1F-CA7863A88C7F}.Release|Any CPU.ActiveCfg = Release|Any CPU
		{868F9F21-E547-4523-8A1F-CA7863A88C7F}.Release|Any CPU.Build.0 = Release|Any CPU
		{F5123D85-536D-4386-BBB4-E506389D45EE}.Debug|Any CPU.ActiveCfg = Debug|Any CPU
		{F5123D85-536D-4386-BBB4-E506389D45EE}.Debug|Any CPU.Build.0 = Debug|Any CPU
		{F5123D85-536D-4386-BBB4-E506389D45EE}.Release|Any CPU.ActiveCfg = Release|Any CPU
		{F5123D85-536D-4386-BBB4-E506389D45EE}.Release|Any CPU.Build.0 = Release|Any CPU
	EndGlobalSection
	GlobalSection(SolutionProperties) = preSolution
		HideSolutionNode = FALSE
	EndGlobalSection
	GlobalSection(ExtensibilityGlobals) = postSolution
		SolutionGuid = {F73BF536-D26F-417C-B7E7-E9EEB8F564D6}
	EndGlobalSection
EndGlobal
